
Microsoft Visual Studio Solution File, Format Version 12.00
# Visual Studio Express 2012 for Windows Desktop
Project("{FAE04EC0-301F-11D3-BF4B-00C04F79EFBC}") = "FlashyThing", "FlashyThing\FlashyThing.csproj", "{AF9E7694-313E-490C-AC1B-67EF952033BC}"
EndProject
Global
	GlobalSection(SolutionConfigurationPlatforms) = preSolution
		Debug|Any CPU = Debug|Any CPU
		Release|Any CPU = Release|Any CPU
	EndGlobalSection
	GlobalSection(ProjectConfigurationPlatforms) = postSolution
		{AF9E7694-313E-490C-AC1B-67EF952033BC}.Debug|Any CPU.ActiveCfg = Debug|Any CPU
		{AF9E7694-313E-490C-AC1B-67EF952033BC}.Debug|Any CPU.Build.0 = Debug|Any CPU
		{AF9E7694-313E-490C-AC1B-67EF952033BC}.Release|Any CPU.ActiveCfg = Release|Any CPU
		{AF9E7694-313E-490C-AC1B-67EF952033BC}.Release|Any CPU.Build.0 = Release|Any CPU
	EndGlobalSection
	GlobalSection(SolutionProperties) = preSolution
		HideSolutionNode = FALSE
	EndGlobalSection
EndGlobal
